
Microsoft Visual Studio Solution File, Format Version 12.00
# Visual Studio Version 16
VisualStudioVersion = 16.0.30711.63
MinimumVisualStudioVersion = 10.0.40219.1
Project("{FAE04EC0-301F-11D3-BF4B-00C04F79EFBC}") = "DopTaskSIAOD", "DopTaskSIAOD\DopTaskSIAOD.csproj", "{35F028FB-CD3B-49A7-A8F1-B95B54FDB4D8}"
EndProject
Global
	GlobalSection(SolutionConfigurationPlatforms) = preSolution
		Debug|Any CPU = Debug|Any CPU
		Release|Any CPU = Release|Any CPU
	EndGlobalSection
	GlobalSection(ProjectConfigurationPlatforms) = postSolution
		{35F028FB-CD3B-49A7-A8F1-B95B54FDB4D8}.Debug|Any CPU.ActiveCfg = Debug|Any CPU
		{35F028FB-CD3B-49A7-A8F1-B95B54FDB4D8}.Debug|Any CPU.Build.0 = Debug|Any CPU
		{35F028FB-CD3B-49A7-A8F1-B95B54FDB4D8}.Release|Any CPU.ActiveCfg = Release|Any CPU
		{35F028FB-CD3B-49A7-A8F1-B95B54FDB4D8}.Release|Any CPU.Build.0 = Release|Any CPU
	EndGlobalSection
	GlobalSection(SolutionProperties) = preSolution
		HideSolutionNode = FALSE
	EndGlobalSection
	GlobalSection(ExtensibilityGlobals) = postSolution
		SolutionGuid = {EED3953B-A8A4-423F-8302-1CB003E75484}
	EndGlobalSection
EndGlobal
